// !$*UTF8*$!
{
	archiveVersion = 1;
	classes = {
	};
	objectVersion = 55;
	objects = {

/* Begin PBXBuildFile section */
		38021759A8D98144BA77914F /* Pods_KkongNyangApp.framework in Frameworks */ = {isa = PBXBuildFile; fileRef = 69ED1361684068BDF78592AD /* Pods_KkongNyangApp.framework */; };
		A206BB332812BABA00F2768A /* SignupAndLogin.storyboard in Resources */ = {isa = PBXBuildFile; fileRef = A206BB322812BABA00F2768A /* SignupAndLogin.storyboard */; };
		A215F09528508EBD005D8648 /* UIViewController+Extension.swift in Sources */ = {isa = PBXBuildFile; fileRef = A215F09428508EBD005D8648 /* UIViewController+Extension.swift */; };
		A22448C928490395008C9E72 /* TodoListCollectionViewCell.swift in Sources */ = {isa = PBXBuildFile; fileRef = A22448C828490395008C9E72 /* TodoListCollectionViewCell.swift */; };
		A22448CB28490E35008C9E72 /* Todo.swift in Sources */ = {isa = PBXBuildFile; fileRef = A22448CA28490E35008C9E72 /* Todo.swift */; };
		A224D4B0280D1D720040E945 /* AppDelegate.swift in Sources */ = {isa = PBXBuildFile; fileRef = A224D4AF280D1D720040E945 /* AppDelegate.swift */; };
		A224D4B2280D1D720040E945 /* SceneDelegate.swift in Sources */ = {isa = PBXBuildFile; fileRef = A224D4B1280D1D720040E945 /* SceneDelegate.swift */; };
		A224D4B7280D1D720040E945 /* Main.storyboard in Resources */ = {isa = PBXBuildFile; fileRef = A224D4B5280D1D720040E945 /* Main.storyboard */; };
		A224D4B9280D1D730040E945 /* Assets.xcassets in Resources */ = {isa = PBXBuildFile; fileRef = A224D4B8280D1D730040E945 /* Assets.xcassets */; };
		A224D4BC280D1D730040E945 /* LaunchScreen.storyboard in Resources */ = {isa = PBXBuildFile; fileRef = A224D4BA280D1D730040E945 /* LaunchScreen.storyboard */; };
		A224D4C4280D2D750040E945 /* UIColor+Extension.swift in Sources */ = {isa = PBXBuildFile; fileRef = A224D4C3280D2D750040E945 /* UIColor+Extension.swift */; };
		A2320424283A619700706DB4 /* Pods-KkongNyangApp-acknowledgements.plist in Resources */ = {isa = PBXBuildFile; fileRef = A2320423283A619700706DB4 /* Pods-KkongNyangApp-acknowledgements.plist */; };
		A2320426283A643A00706DB4 /* MyPageViewController.swift in Sources */ = {isa = PBXBuildFile; fileRef = A2320425283A643A00706DB4 /* MyPageViewController.swift */; };
		A2320428283A65F700706DB4 /* AppInfoViewController.swift in Sources */ = {isa = PBXBuildFile; fileRef = A2320427283A65F700706DB4 /* AppInfoViewController.swift */; };
		A232042A283A662200706DB4 /* AlertSettingViewController.swift in Sources */ = {isa = PBXBuildFile; fileRef = A2320429283A662200706DB4 /* AlertSettingViewController.swift */; };
		A2370C252840B8CE00D64871 /* UIDevice+Extension.swift in Sources */ = {isa = PBXBuildFile; fileRef = A2370C242840B8CE00D64871 /* UIDevice+Extension.swift */; };
		A247D393280E721E00A3DF31 /* Onboarding.storyboard in Resources */ = {isa = PBXBuildFile; fileRef = A247D392280E721E00A3DF31 /* Onboarding.storyboard */; };
		A24BB1682855DB8A0065BCBE /* GoogleService-Info.plist in Resources */ = {isa = PBXBuildFile; fileRef = A24BB1672855DB8A0065BCBE /* GoogleService-Info.plist */; };
		A24BB16E2855F3E10065BCBE /* FirebaseAnalytics in Frameworks */ = {isa = PBXBuildFile; productRef = A24BB16D2855F3E10065BCBE /* FirebaseAnalytics */; };
		A24BB1702855F3E10065BCBE /* FirebaseAuth in Frameworks */ = {isa = PBXBuildFile; productRef = A24BB16F2855F3E10065BCBE /* FirebaseAuth */; };
		A24BB1722855F3E10065BCBE /* FirebaseDatabase in Frameworks */ = {isa = PBXBuildFile; productRef = A24BB1712855F3E10065BCBE /* FirebaseDatabase */; };
		A24BB1742855F3E10065BCBE /* FirebaseFirestore in Frameworks */ = {isa = PBXBuildFile; productRef = A24BB1732855F3E10065BCBE /* FirebaseFirestore */; };
		A24BB17728560CB40065BCBE /* Notice.swift in Sources */ = {isa = PBXBuildFile; fileRef = A24BB17628560CB40065BCBE /* Notice.swift */; };
		A255B0432864788B00E7864A /* splash-gif.gif in Resources */ = {isa = PBXBuildFile; fileRef = A255B0422864788B00E7864A /* splash-gif.gif */; };
		A2684086286B02B500F29F58 /* onboarding-1-gif.gif in Resources */ = {isa = PBXBuildFile; fileRef = A2684084286B02B500F29F58 /* onboarding-1-gif.gif */; };
		A2684087286B02B500F29F58 /* onboarding-2-gif.gif in Resources */ = {isa = PBXBuildFile; fileRef = A2684085286B02B500F29F58 /* onboarding-2-gif.gif */; };
		A2A409B6284C6AC900FD47EC /* AddTodoViewController.swift in Sources */ = {isa = PBXBuildFile; fileRef = A2A409B5284C6AC900FD47EC /* AddTodoViewController.swift */; };
		A2A409B9284C6AF400FD47EC /* AddPalateViewController.swift in Sources */ = {isa = PBXBuildFile; fileRef = A2A409B8284C6AF400FD47EC /* AddPalateViewController.swift */; };
		A2A409BC284C904700FD47EC /* PalateCollectionViewCell.swift in Sources */ = {isa = PBXBuildFile; fileRef = A2A409BB284C904700FD47EC /* PalateCollectionViewCell.swift */; };
		A2A409C0284CA6CA00FD47EC /* CardCollectionViewCell.swift in Sources */ = {isa = PBXBuildFile; fileRef = A2A409BF284CA6CA00FD47EC /* CardCollectionViewCell.swift */; };
		A2A409C4284CC17D00FD47EC /* UIView+Extension.swift in Sources */ = {isa = PBXBuildFile; fileRef = A2A409C3284CC17D00FD47EC /* UIView+Extension.swift */; };
		A2A409C6284CCAC600FD47EC /* FinishedTodo.swift in Sources */ = {isa = PBXBuildFile; fileRef = A2A409C5284CCAC600FD47EC /* FinishedTodo.swift */; };
		A2A409C8284CCE3800FD47EC /* FinishedTodoCollectionViewCell.swift in Sources */ = {isa = PBXBuildFile; fileRef = A2A409C7284CCE3800FD47EC /* FinishedTodoCollectionViewCell.swift */; };
		A2A409CA284CD5E100FD47EC /* AlertViewController.swift in Sources */ = {isa = PBXBuildFile; fileRef = A2A409C9284CD5E100FD47EC /* AlertViewController.swift */; };
		A2A409CE284CD65800FD47EC /* AlertCollectionViewCell.swift in Sources */ = {isa = PBXBuildFile; fileRef = A2A409CD284CD65800FD47EC /* AlertCollectionViewCell.swift */; };
		A2A409D0284CE08E00FD47EC /* BaseTabBarController.swift in Sources */ = {isa = PBXBuildFile; fileRef = A2A409CF284CE08E00FD47EC /* BaseTabBarController.swift */; };
		A2ADBEDD2863610E007D989E /* OnboardingCarouselCollectionViewCell.swift in Sources */ = {isa = PBXBuildFile; fileRef = A2ADBEDC2863610E007D989E /* OnboardingCarouselCollectionViewCell.swift */; };
		A2B2BC082827560500659836 /* Users.swift in Sources */ = {isa = PBXBuildFile; fileRef = A2B2BC072827560500659836 /* Users.swift */; };
		A2B2BC0A2827568D00659836 /* CatFamilies.swift in Sources */ = {isa = PBXBuildFile; fileRef = A2B2BC092827568D00659836 /* CatFamilies.swift */; };
		A2B2BC0C28279F1E00659836 /* RegisterViewController.swift in Sources */ = {isa = PBXBuildFile; fileRef = A2B2BC0B28279F1E00659836 /* RegisterViewController.swift */; };
		A2B2BC0E2827A8DC00659836 /* LoginViewController.swift in Sources */ = {isa = PBXBuildFile; fileRef = A2B2BC0D2827A8DC00659836 /* LoginViewController.swift */; };
		A2B2BC102827AADE00659836 /* EmailLoginViewController.swift in Sources */ = {isa = PBXBuildFile; fileRef = A2B2BC0F2827AADE00659836 /* EmailLoginViewController.swift */; };
		A2BE71B6281B63BE00FB8548 /* HomeViewController.swift in Sources */ = {isa = PBXBuildFile; fileRef = A2BE71B5281B63BE00FB8548 /* HomeViewController.swift */; };
		A2BE71B8281B6D8100FB8548 /* PalateViewController.swift in Sources */ = {isa = PBXBuildFile; fileRef = A2BE71B7281B6D8100FB8548 /* PalateViewController.swift */; };
		A2BE71C0281B79AC00FB8548 /* TodoViewController.swift in Sources */ = {isa = PBXBuildFile; fileRef = A2BE71BF281B79AC00FB8548 /* TodoViewController.swift */; };
		A2DD30B6286B073F00D4524C /* onboarding-3-gif.gif in Resources */ = {isa = PBXBuildFile; fileRef = A2DD30B5286B073F00D4524C /* onboarding-3-gif.gif */; };
		A2DD30B8286B40D800D4524C /* NoticeDetailViewController.swift in Sources */ = {isa = PBXBuildFile; fileRef = A2DD30B7286B40D800D4524C /* NoticeDetailViewController.swift */; };
		A2DFA387280E779800AFE1BF /* OnboardingPageViewController.swift in Sources */ = {isa = PBXBuildFile; fileRef = A2DFA386280E779800AFE1BF /* OnboardingPageViewController.swift */; };
		A2DFA38A280E795100AFE1BF /* OnboardingFirstPageViewController.swift in Sources */ = {isa = PBXBuildFile; fileRef = A2DFA389280E795100AFE1BF /* OnboardingFirstPageViewController.swift */; };
		A2DFA38C280E7A2800AFE1BF /* OnboardingSecondPageViewController.swift in Sources */ = {isa = PBXBuildFile; fileRef = A2DFA38B280E7A2800AFE1BF /* OnboardingSecondPageViewController.swift */; };
		A2DFA38E280E7A3500AFE1BF /* OnboardingThirdPageViewController.swift in Sources */ = {isa = PBXBuildFile; fileRef = A2DFA38D280E7A3500AFE1BF /* OnboardingThirdPageViewController.swift */; };
		A2DFA392280E7DC400AFE1BF /* LandscapeManager.swift in Sources */ = {isa = PBXBuildFile; fileRef = A2DFA391280E7DC400AFE1BF /* LandscapeManager.swift */; };
		A2DFA394280E8D9700AFE1BF /* ConciergeViewController.swift in Sources */ = {isa = PBXBuildFile; fileRef = A2DFA393280E8D9700AFE1BF /* ConciergeViewController.swift */; };
		A2DFA396280E8E6000AFE1BF /* UIStoryboard+Extension.swift in Sources */ = {isa = PBXBuildFile; fileRef = A2DFA395280E8E6000AFE1BF /* UIStoryboard+Extension.swift */; };
		A2DFA3FA280EEBBE00AFE1BF /* GmarketSansLight.otf in Resources */ = {isa = PBXBuildFile; fileRef = A2DFA3F7280EEBBE00AFE1BF /* GmarketSansLight.otf */; };
		A2DFA3FB280EEBBE00AFE1BF /* GmarketSansBold.otf in Resources */ = {isa = PBXBuildFile; fileRef = A2DFA3F8280EEBBE00AFE1BF /* GmarketSansBold.otf */; };
		A2DFA3FC280EEBBE00AFE1BF /* GmarketSansMedium.otf in Resources */ = {isa = PBXBuildFile; fileRef = A2DFA3F9280EEBBE00AFE1BF /* GmarketSansMedium.otf */; };
		A2DFA401280EEBF100AFE1BF /* GmarketSansLight.otf in Resources */ = {isa = PBXBuildFile; fileRef = A2DFA3FE280EEBF100AFE1BF /* GmarketSansLight.otf */; };
		A2DFA402280EEBF100AFE1BF /* GmarketSansBold.otf in Resources */ = {isa = PBXBuildFile; fileRef = A2DFA3FF280EEBF100AFE1BF /* GmarketSansBold.otf */; };
		A2DFA403280EEBF100AFE1BF /* GmarketSansMedium.otf in Resources */ = {isa = PBXBuildFile; fileRef = A2DFA400280EEBF100AFE1BF /* GmarketSansMedium.otf */; };
		A2E0044A285AB24D00B13AF4 /* String+Extension.swift in Sources */ = {isa = PBXBuildFile; fileRef = A2E00449285AB24D00B13AF4 /* String+Extension.swift */; };
		A2E0044C285B346800B13AF4 /* PopOverContentController.swift in Sources */ = {isa = PBXBuildFile; fileRef = A2E0044B285B346800B13AF4 /* PopOverContentController.swift */; };
		A2E0044E285B829700B13AF4 /* ButlerInvitationViewController.swift in Sources */ = {isa = PBXBuildFile; fileRef = A2E0044D285B829700B13AF4 /* ButlerInvitationViewController.swift */; };
		A2E818162830F61A00B64664 /* CatProfileSettingViewController.swift in Sources */ = {isa = PBXBuildFile; fileRef = A2E818152830F61A00B64664 /* CatProfileSettingViewController.swift */; };
		A2EF9456285CEDE10025BBA8 /* PopupViewController.swift in Sources */ = {isa = PBXBuildFile; fileRef = A2EF9455285CEDE10025BBA8 /* PopupViewController.swift */; };
		A2EF9458285D6B0E0025BBA8 /* Alert.swift in Sources */ = {isa = PBXBuildFile; fileRef = A2EF9457285D6B0E0025BBA8 /* Alert.swift */; };
		A2EF945A285D6D960025BBA8 /* Date+Extension.swift in Sources */ = {isa = PBXBuildFile; fileRef = A2EF9459285D6D960025BBA8 /* Date+Extension.swift */; };
		A2FDE17328433384002163BB /* Palate.swift in Sources */ = {isa = PBXBuildFile; fileRef = A2FDE17228433384002163BB /* Palate.swift */; };
/* End PBXBuildFile section */

/* Begin PBXFileReference section */
		69ED1361684068BDF78592AD /* Pods_KkongNyangApp.framework */ = {isa = PBXFileReference; explicitFileType = wrapper.framework; includeInIndex = 0; path = Pods_KkongNyangApp.framework; sourceTree = BUILT_PRODUCTS_DIR; };
		6AAAD11D319B92D9083FBCBC /* Pods-KkongNyangApp.debug.xcconfig */ = {isa = PBXFileReference; includeInIndex = 1; lastKnownFileType = text.xcconfig; name = "Pods-KkongNyangApp.debug.xcconfig"; path = "Target Support Files/Pods-KkongNyangApp/Pods-KkongNyangApp.debug.xcconfig"; sourceTree = "<group>"; };
		6E6C39B42C5BB79F280B92E7 /* Pods-KkongNyangApp.release.xcconfig */ = {isa = PBXFileReference; includeInIndex = 1; lastKnownFileType = text.xcconfig; name = "Pods-KkongNyangApp.release.xcconfig"; path = "Target Support Files/Pods-KkongNyangApp/Pods-KkongNyangApp.release.xcconfig"; sourceTree = "<group>"; };
		A206BB322812BABA00F2768A /* SignupAndLogin.storyboard */ = {isa = PBXFileReference; lastKnownFileType = file.storyboard; path = SignupAndLogin.storyboard; sourceTree = "<group>"; };
		A215F09428508EBD005D8648 /* UIViewController+Extension.swift */ = {isa = PBXFileReference; lastKnownFileType = sourcecode.swift; path = "UIViewController+Extension.swift"; sourceTree = "<group>"; };
		A22448C828490395008C9E72 /* TodoListCollectionViewCell.swift */ = {isa = PBXFileReference; lastKnownFileType = sourcecode.swift; path = TodoListCollectionViewCell.swift; sourceTree = "<group>"; };
		A22448CA28490E35008C9E72 /* Todo.swift */ = {isa = PBXFileReference; lastKnownFileType = sourcecode.swift; path = Todo.swift; sourceTree = "<group>"; };
		A224D4AC280D1D720040E945 /* KkongNyangApp.app */ = {isa = PBXFileReference; explicitFileType = wrapper.application; includeInIndex = 0; path = KkongNyangApp.app; sourceTree = BUILT_PRODUCTS_DIR; };
		A224D4AF280D1D720040E945 /* AppDelegate.swift */ = {isa = PBXFileReference; lastKnownFileType = sourcecode.swift; path = AppDelegate.swift; sourceTree = "<group>"; };
		A224D4B1280D1D720040E945 /* SceneDelegate.swift */ = {isa = PBXFileReference; lastKnownFileType = sourcecode.swift; path = SceneDelegate.swift; sourceTree = "<group>"; };
		A224D4B6280D1D720040E945 /* Base */ = {isa = PBXFileReference; lastKnownFileType = file.storyboard; name = Base; path = Base.lproj/Main.storyboard; sourceTree = "<group>"; };
		A224D4B8280D1D730040E945 /* Assets.xcassets */ = {isa = PBXFileReference; lastKnownFileType = folder.assetcatalog; path = Assets.xcassets; sourceTree = "<group>"; };
		A224D4BB280D1D730040E945 /* Base */ = {isa = PBXFileReference; lastKnownFileType = file.storyboard; name = Base; path = Base.lproj/LaunchScreen.storyboard; sourceTree = "<group>"; };
		A224D4BD280D1D730040E945 /* Info.plist */ = {isa = PBXFileReference; lastKnownFileType = text.plist.xml; path = Info.plist; sourceTree = "<group>"; };
		A224D4C3280D2D750040E945 /* UIColor+Extension.swift */ = {isa = PBXFileReference; lastKnownFileType = sourcecode.swift; path = "UIColor+Extension.swift"; sourceTree = "<group>"; };
		A2320423283A619700706DB4 /* Pods-KkongNyangApp-acknowledgements.plist */ = {isa = PBXFileReference; fileEncoding = 4; lastKnownFileType = text.plist.xml; name = "Pods-KkongNyangApp-acknowledgements.plist"; path = "Pods/Target Support Files/Pods-KkongNyangApp/Pods-KkongNyangApp-acknowledgements.plist"; sourceTree = "<group>"; };
		A2320425283A643A00706DB4 /* MyPageViewController.swift */ = {isa = PBXFileReference; lastKnownFileType = sourcecode.swift; path = MyPageViewController.swift; sourceTree = "<group>"; };
		A2320427283A65F700706DB4 /* AppInfoViewController.swift */ = {isa = PBXFileReference; lastKnownFileType = sourcecode.swift; path = AppInfoViewController.swift; sourceTree = "<group>"; };
		A2320429283A662200706DB4 /* AlertSettingViewController.swift */ = {isa = PBXFileReference; lastKnownFileType = sourcecode.swift; path = AlertSettingViewController.swift; sourceTree = "<group>"; };
		A2370C242840B8CE00D64871 /* UIDevice+Extension.swift */ = {isa = PBXFileReference; lastKnownFileType = sourcecode.swift; path = "UIDevice+Extension.swift"; sourceTree = "<group>"; };
		A247D392280E721E00A3DF31 /* Onboarding.storyboard */ = {isa = PBXFileReference; lastKnownFileType = file.storyboard; path = Onboarding.storyboard; sourceTree = "<group>"; };
		A24BB1672855DB8A0065BCBE /* GoogleService-Info.plist */ = {isa = PBXFileReference; fileEncoding = 4; lastKnownFileType = text.plist.xml; path = "GoogleService-Info.plist"; sourceTree = "<group>"; };
		A24BB17628560CB40065BCBE /* Notice.swift */ = {isa = PBXFileReference; lastKnownFileType = sourcecode.swift; path = Notice.swift; sourceTree = "<group>"; };
		A255B0422864788B00E7864A /* splash-gif.gif */ = {isa = PBXFileReference; lastKnownFileType = image.gif; name = "splash-gif.gif"; path = "Resources/Images/gif/splash-gif.gif"; sourceTree = SOURCE_ROOT; };
		A2684084286B02B500F29F58 /* onboarding-1-gif.gif */ = {isa = PBXFileReference; lastKnownFileType = image.gif; name = "onboarding-1-gif.gif"; path = "Resources/Images/gif/onboarding-1-gif.gif"; sourceTree = SOURCE_ROOT; };
		A2684085286B02B500F29F58 /* onboarding-2-gif.gif */ = {isa = PBXFileReference; lastKnownFileType = image.gif; name = "onboarding-2-gif.gif"; path = "Resources/Images/gif/onboarding-2-gif.gif"; sourceTree = SOURCE_ROOT; };
		A2A409B5284C6AC900FD47EC /* AddTodoViewController.swift */ = {isa = PBXFileReference; lastKnownFileType = sourcecode.swift; path = AddTodoViewController.swift; sourceTree = "<group>"; };
		A2A409B8284C6AF400FD47EC /* AddPalateViewController.swift */ = {isa = PBXFileReference; lastKnownFileType = sourcecode.swift; path = AddPalateViewController.swift; sourceTree = "<group>"; };
		A2A409BB284C904700FD47EC /* PalateCollectionViewCell.swift */ = {isa = PBXFileReference; lastKnownFileType = sourcecode.swift; path = PalateCollectionViewCell.swift; sourceTree = "<group>"; };
		A2A409BF284CA6CA00FD47EC /* CardCollectionViewCell.swift */ = {isa = PBXFileReference; lastKnownFileType = sourcecode.swift; path = CardCollectionViewCell.swift; sourceTree = "<group>"; };
		A2A409C3284CC17D00FD47EC /* UIView+Extension.swift */ = {isa = PBXFileReference; lastKnownFileType = sourcecode.swift; path = "UIView+Extension.swift"; sourceTree = "<group>"; };
		A2A409C5284CCAC600FD47EC /* FinishedTodo.swift */ = {isa = PBXFileReference; lastKnownFileType = sourcecode.swift; path = FinishedTodo.swift; sourceTree = "<group>"; };
		A2A409C7284CCE3800FD47EC /* FinishedTodoCollectionViewCell.swift */ = {isa = PBXFileReference; lastKnownFileType = sourcecode.swift; path = FinishedTodoCollectionViewCell.swift; sourceTree = "<group>"; };
		A2A409C9284CD5E100FD47EC /* AlertViewController.swift */ = {isa = PBXFileReference; lastKnownFileType = sourcecode.swift; path = AlertViewController.swift; sourceTree = "<group>"; };
		A2A409CD284CD65800FD47EC /* AlertCollectionViewCell.swift */ = {isa = PBXFileReference; lastKnownFileType = sourcecode.swift; path = AlertCollectionViewCell.swift; sourceTree = "<group>"; };
		A2A409CF284CE08E00FD47EC /* BaseTabBarController.swift */ = {isa = PBXFileReference; lastKnownFileType = sourcecode.swift; path = BaseTabBarController.swift; sourceTree = "<group>"; };
		A2ADBEDC2863610E007D989E /* OnboardingCarouselCollectionViewCell.swift */ = {isa = PBXFileReference; lastKnownFileType = sourcecode.swift; path = OnboardingCarouselCollectionViewCell.swift; sourceTree = "<group>"; };
		A2B2BC072827560500659836 /* Users.swift */ = {isa = PBXFileReference; lastKnownFileType = sourcecode.swift; path = Users.swift; sourceTree = "<group>"; };
		A2B2BC092827568D00659836 /* CatFamilies.swift */ = {isa = PBXFileReference; lastKnownFileType = sourcecode.swift; path = CatFamilies.swift; sourceTree = "<group>"; };
		A2B2BC0B28279F1E00659836 /* RegisterViewController.swift */ = {isa = PBXFileReference; lastKnownFileType = sourcecode.swift; path = RegisterViewController.swift; sourceTree = "<group>"; };
		A2B2BC0D2827A8DC00659836 /* LoginViewController.swift */ = {isa = PBXFileReference; lastKnownFileType = sourcecode.swift; path = LoginViewController.swift; sourceTree = "<group>"; };
		A2B2BC0F2827AADE00659836 /* EmailLoginViewController.swift */ = {isa = PBXFileReference; lastKnownFileType = sourcecode.swift; path = EmailLoginViewController.swift; sourceTree = "<group>"; };
		A2BE71B5281B63BE00FB8548 /* HomeViewController.swift */ = {isa = PBXFileReference; lastKnownFileType = sourcecode.swift; path = HomeViewController.swift; sourceTree = "<group>"; };
		A2BE71B7281B6D8100FB8548 /* PalateViewController.swift */ = {isa = PBXFileReference; lastKnownFileType = sourcecode.swift; path = PalateViewController.swift; sourceTree = "<group>"; };
		A2BE71BF281B79AC00FB8548 /* TodoViewController.swift */ = {isa = PBXFileReference; lastKnownFileType = sourcecode.swift; path = TodoViewController.swift; sourceTree = "<group>"; };
		A2DD30B5286B073F00D4524C /* onboarding-3-gif.gif */ = {isa = PBXFileReference; lastKnownFileType = image.gif; name = "onboarding-3-gif.gif"; path = "Resources/Images/gif/onboarding-3-gif.gif"; sourceTree = SOURCE_ROOT; };
		A2DD30B7286B40D800D4524C /* NoticeDetailViewController.swift */ = {isa = PBXFileReference; lastKnownFileType = sourcecode.swift; path = NoticeDetailViewController.swift; sourceTree = "<group>"; };
		A2DFA386280E779800AFE1BF /* OnboardingPageViewController.swift */ = {isa = PBXFileReference; lastKnownFileType = sourcecode.swift; path = OnboardingPageViewController.swift; sourceTree = "<group>"; };
		A2DFA389280E795100AFE1BF /* OnboardingFirstPageViewController.swift */ = {isa = PBXFileReference; lastKnownFileType = sourcecode.swift; path = OnboardingFirstPageViewController.swift; sourceTree = "<group>"; };
		A2DFA38B280E7A2800AFE1BF /* OnboardingSecondPageViewController.swift */ = {isa = PBXFileReference; lastKnownFileType = sourcecode.swift; path = OnboardingSecondPageViewController.swift; sourceTree = "<group>"; };
		A2DFA38D280E7A3500AFE1BF /* OnboardingThirdPageViewController.swift */ = {isa = PBXFileReference; lastKnownFileType = sourcecode.swift; path = OnboardingThirdPageViewController.swift; sourceTree = "<group>"; };
		A2DFA391280E7DC400AFE1BF /* LandscapeManager.swift */ = {isa = PBXFileReference; lastKnownFileType = sourcecode.swift; path = LandscapeManager.swift; sourceTree = "<group>"; };
		A2DFA393280E8D9700AFE1BF /* ConciergeViewController.swift */ = {isa = PBXFileReference; lastKnownFileType = sourcecode.swift; path = ConciergeViewController.swift; sourceTree = "<group>"; };
		A2DFA395280E8E6000AFE1BF /* UIStoryboard+Extension.swift */ = {isa = PBXFileReference; lastKnownFileType = sourcecode.swift; path = "UIStoryboard+Extension.swift"; sourceTree = "<group>"; };
		A2DFA3F7280EEBBE00AFE1BF /* GmarketSansLight.otf */ = {isa = PBXFileReference; lastKnownFileType = file; path = GmarketSansLight.otf; sourceTree = "<group>"; };
		A2DFA3F8280EEBBE00AFE1BF /* GmarketSansBold.otf */ = {isa = PBXFileReference; lastKnownFileType = file; path = GmarketSansBold.otf; sourceTree = "<group>"; };
		A2DFA3F9280EEBBE00AFE1BF /* GmarketSansMedium.otf */ = {isa = PBXFileReference; lastKnownFileType = file; path = GmarketSansMedium.otf; sourceTree = "<group>"; };
		A2DFA3FE280EEBF100AFE1BF /* GmarketSansLight.otf */ = {isa = PBXFileReference; lastKnownFileType = file; path = GmarketSansLight.otf; sourceTree = "<group>"; };
		A2DFA3FF280EEBF100AFE1BF /* GmarketSansBold.otf */ = {isa = PBXFileReference; lastKnownFileType = file; path = GmarketSansBold.otf; sourceTree = "<group>"; };
		A2DFA400280EEBF100AFE1BF /* GmarketSansMedium.otf */ = {isa = PBXFileReference; lastKnownFileType = file; path = GmarketSansMedium.otf; sourceTree = "<group>"; };
		A2E00449285AB24D00B13AF4 /* String+Extension.swift */ = {isa = PBXFileReference; lastKnownFileType = sourcecode.swift; path = "String+Extension.swift"; sourceTree = "<group>"; };
		A2E0044B285B346800B13AF4 /* PopOverContentController.swift */ = {isa = PBXFileReference; lastKnownFileType = sourcecode.swift; path = PopOverContentController.swift; sourceTree = "<group>"; };
		A2E0044D285B829700B13AF4 /* ButlerInvitationViewController.swift */ = {isa = PBXFileReference; lastKnownFileType = sourcecode.swift; path = ButlerInvitationViewController.swift; sourceTree = "<group>"; };
		A2E818152830F61A00B64664 /* CatProfileSettingViewController.swift */ = {isa = PBXFileReference; lastKnownFileType = sourcecode.swift; path = CatProfileSettingViewController.swift; sourceTree = "<group>"; };
		A2EF9455285CEDE10025BBA8 /* PopupViewController.swift */ = {isa = PBXFileReference; lastKnownFileType = sourcecode.swift; path = PopupViewController.swift; sourceTree = "<group>"; };
		A2EF9457285D6B0E0025BBA8 /* Alert.swift */ = {isa = PBXFileReference; lastKnownFileType = sourcecode.swift; path = Alert.swift; sourceTree = "<group>"; };
		A2EF9459285D6D960025BBA8 /* Date+Extension.swift */ = {isa = PBXFileReference; lastKnownFileType = sourcecode.swift; path = "Date+Extension.swift"; sourceTree = "<group>"; };
		A2FDE17228433384002163BB /* Palate.swift */ = {isa = PBXFileReference; lastKnownFileType = sourcecode.swift; path = Palate.swift; sourceTree = "<group>"; };
/* End PBXFileReference section */

/* Begin PBXFrameworksBuildPhase section */
		A224D4A9280D1D720040E945 /* Frameworks */ = {
			isa = PBXFrameworksBuildPhase;
			buildActionMask = 2147483647;
			files = (
				A24BB16E2855F3E10065BCBE /* FirebaseAnalytics in Frameworks */,
				A24BB1702855F3E10065BCBE /* FirebaseAuth in Frameworks */,
				A24BB1722855F3E10065BCBE /* FirebaseDatabase in Frameworks */,
				A24BB1742855F3E10065BCBE /* FirebaseFirestore in Frameworks */,
				38021759A8D98144BA77914F /* Pods_KkongNyangApp.framework in Frameworks */,
			);
			runOnlyForDeploymentPostprocessing = 0;
		};
/* End PBXFrameworksBuildPhase section */

/* Begin PBXGroup section */
		18F99F84E39DE13A8E287676 /* Pods */ = {
			isa = PBXGroup;
			children = (
				6AAAD11D319B92D9083FBCBC /* Pods-KkongNyangApp.debug.xcconfig */,
				6E6C39B42C5BB79F280B92E7 /* Pods-KkongNyangApp.release.xcconfig */,
			);
			path = Pods;
			sourceTree = "<group>";
		};
		9D8EE1A8D346C50515E0E910 /* Frameworks */ = {
			isa = PBXGroup;
			children = (
				69ED1361684068BDF78592AD /* Pods_KkongNyangApp.framework */,
			);
			name = Frameworks;
			sourceTree = "<group>";
		};
		A22448C728490356008C9E72 /* Cell */ = {
			isa = PBXGroup;
			children = (
				A22448C828490395008C9E72 /* TodoListCollectionViewCell.swift */,
			);
			path = Cell;
			sourceTree = "<group>";
		};
		A224D4A3280D1D710040E945 = {
			isa = PBXGroup;
			children = (
				A2320423283A619700706DB4 /* Pods-KkongNyangApp-acknowledgements.plist */,
				A224D4AE280D1D720040E945 /* KkongNyangApp */,
				A224D4AD280D1D720040E945 /* Products */,
				18F99F84E39DE13A8E287676 /* Pods */,
				9D8EE1A8D346C50515E0E910 /* Frameworks */,
			);
			sourceTree = "<group>";
		};
		A224D4AD280D1D720040E945 /* Products */ = {
			isa = PBXGroup;
			children = (
				A224D4AC280D1D720040E945 /* KkongNyangApp.app */,
			);
			name = Products;
			sourceTree = "<group>";
		};
		A224D4AE280D1D720040E945 /* KkongNyangApp */ = {
			isa = PBXGroup;
			children = (
				A25C338128307C7B006DF34C /* App */,
				A2DFA388280E77A000AFE1BF /* Onboarding */,
				A25C338028307C65006DF34C /* Authentication */,
				A2B2BC112827BC1F00659836 /* Todo */,
				A2A409B7284C6AE000FD47EC /* Palate */,
				A2A409BD284CA6B500FD47EC /* Home */,
				A226D2C7283A381000C080CF /* MyPage */,
				A2A409CB284CD5ED00FD47EC /* Alert */,
				A2A409CF284CE08E00FD47EC /* BaseTabBarController.swift */,
				A224D4B5280D1D720040E945 /* Main.storyboard */,
				A224D4B8280D1D730040E945 /* Assets.xcassets */,
				A2DFA3FD280EEBF100AFE1BF /* Fonts */,
				A2DFA38F280E7D9500AFE1BF /* Helpers */,
				A224D4BD280D1D730040E945 /* Info.plist */,
				A24BB1672855DB8A0065BCBE /* GoogleService-Info.plist */,
				A24BB17528560C800065BCBE /* Data */,
			);
			path = KkongNyangApp;
			sourceTree = "<group>";
		};
		A226D2C7283A381000C080CF /* MyPage */ = {
			isa = PBXGroup;
			children = (
				A2320425283A643A00706DB4 /* MyPageViewController.swift */,
				A2320427283A65F700706DB4 /* AppInfoViewController.swift */,
				A2320429283A662200706DB4 /* AlertSettingViewController.swift */,
			);
			path = MyPage;
			sourceTree = "<group>";
		};
		A24BB17528560C800065BCBE /* Data */ = {
			isa = PBXGroup;
			children = (
				A2B2BC072827560500659836 /* Users.swift */,
				A2B2BC092827568D00659836 /* CatFamilies.swift */,
				A2FDE17228433384002163BB /* Palate.swift */,
				A22448CA28490E35008C9E72 /* Todo.swift */,
				A2A409C5284CCAC600FD47EC /* FinishedTodo.swift */,
				A24BB17628560CB40065BCBE /* Notice.swift */,
				A2EF9457285D6B0E0025BBA8 /* Alert.swift */,
			);
			path = Data;
			sourceTree = "<group>";
		};
		A25C338028307C65006DF34C /* Authentication */ = {
			isa = PBXGroup;
			children = (
				A206BB322812BABA00F2768A /* SignupAndLogin.storyboard */,
				A2B2BC0D2827A8DC00659836 /* LoginViewController.swift */,
				A2B2BC0F2827AADE00659836 /* EmailLoginViewController.swift */,
				A2B2BC0B28279F1E00659836 /* RegisterViewController.swift */,
				A2E818152830F61A00B64664 /* CatProfileSettingViewController.swift */,
				A2E0044B285B346800B13AF4 /* PopOverContentController.swift */,
				A2E0044D285B829700B13AF4 /* ButlerInvitationViewController.swift */,
			);
			path = Authentication;
			sourceTree = "<group>";
		};
		A25C338128307C7B006DF34C /* App */ = {
			isa = PBXGroup;
			children = (
				A224D4AF280D1D720040E945 /* AppDelegate.swift */,
				A224D4B1280D1D720040E945 /* SceneDelegate.swift */,
			);
			path = App;
			sourceTree = "<group>";
		};
		A2A409B7284C6AE000FD47EC /* Palate */ = {
			isa = PBXGroup;
			children = (
				A2A409BA284C902A00FD47EC /* Cell */,
				A2BE71B7281B6D8100FB8548 /* PalateViewController.swift */,
				A2A409B8284C6AF400FD47EC /* AddPalateViewController.swift */,
			);
			path = Palate;
			sourceTree = "<group>";
		};
		A2A409BA284C902A00FD47EC /* Cell */ = {
			isa = PBXGroup;
			children = (
				A2A409BB284C904700FD47EC /* PalateCollectionViewCell.swift */,
			);
			path = Cell;
			sourceTree = "<group>";
		};
		A2A409BD284CA6B500FD47EC /* Home */ = {
			isa = PBXGroup;
			children = (
				A2A409BE284CA6BF00FD47EC /* Cell */,
				A2BE71B5281B63BE00FB8548 /* HomeViewController.swift */,
				A2DD30B7286B40D800D4524C /* NoticeDetailViewController.swift */,
			);
			path = Home;
			sourceTree = "<group>";
		};
		A2A409BE284CA6BF00FD47EC /* Cell */ = {
			isa = PBXGroup;
			children = (
				A2A409BF284CA6CA00FD47EC /* CardCollectionViewCell.swift */,
				A2A409C7284CCE3800FD47EC /* FinishedTodoCollectionViewCell.swift */,
			);
			path = Cell;
			sourceTree = "<group>";
		};
		A2A409CB284CD5ED00FD47EC /* Alert */ = {
			isa = PBXGroup;
			children = (
				A2A409CC284CD64100FD47EC /* Cell */,
				A2A409C9284CD5E100FD47EC /* AlertViewController.swift */,
			);
			path = Alert;
			sourceTree = "<group>";
		};
		A2A409CC284CD64100FD47EC /* Cell */ = {
			isa = PBXGroup;
			children = (
				A2A409CD284CD65800FD47EC /* AlertCollectionViewCell.swift */,
			);
			path = Cell;
			sourceTree = "<group>";
		};
		A2ADBEDB286360E5007D989E /* Cell */ = {
			isa = PBXGroup;
			children = (
				A2ADBEDC2863610E007D989E /* OnboardingCarouselCollectionViewCell.swift */,
			);
			path = Cell;
			sourceTree = "<group>";
		};
		A2B2BC112827BC1F00659836 /* Todo */ = {
			isa = PBXGroup;
			children = (
				A22448C728490356008C9E72 /* Cell */,
				A2BE71BF281B79AC00FB8548 /* TodoViewController.swift */,
				A2A409B5284C6AC900FD47EC /* AddTodoViewController.swift */,
			);
			path = Todo;
			sourceTree = "<group>";
		};
		A2DFA388280E77A000AFE1BF /* Onboarding */ = {
			isa = PBXGroup;
			children = (
				A255B0422864788B00E7864A /* splash-gif.gif */,
				A2684084286B02B500F29F58 /* onboarding-1-gif.gif */,
				A2684085286B02B500F29F58 /* onboarding-2-gif.gif */,
				A2DD30B5286B073F00D4524C /* onboarding-3-gif.gif */,
				A2ADBEDB286360E5007D989E /* Cell */,
				A2DFA393280E8D9700AFE1BF /* ConciergeViewController.swift */,
				A224D4BA280D1D730040E945 /* LaunchScreen.storyboard */,
				A247D392280E721E00A3DF31 /* Onboarding.storyboard */,
				A2DFA386280E779800AFE1BF /* OnboardingPageViewController.swift */,
				A2DFA389280E795100AFE1BF /* OnboardingFirstPageViewController.swift */,
				A2DFA38B280E7A2800AFE1BF /* OnboardingSecondPageViewController.swift */,
				A2DFA38D280E7A3500AFE1BF /* OnboardingThirdPageViewController.swift */,
			);
			path = Onboarding;
			sourceTree = "<group>";
		};
		A2DFA38F280E7D9500AFE1BF /* Helpers */ = {
			isa = PBXGroup;
			children = (
				A2DFA3F6280EEBBE00AFE1BF /* Fonts */,
				A2DFA390280E7DA400AFE1BF /* Extension */,
				A2DFA391280E7DC400AFE1BF /* LandscapeManager.swift */,
				A2EF9455285CEDE10025BBA8 /* PopupViewController.swift */,
			);
			path = Helpers;
			sourceTree = "<group>";
		};
		A2DFA390280E7DA400AFE1BF /* Extension */ = {
			isa = PBXGroup;
			children = (
				A224D4C3280D2D750040E945 /* UIColor+Extension.swift */,
				A2DFA395280E8E6000AFE1BF /* UIStoryboard+Extension.swift */,
				A2370C242840B8CE00D64871 /* UIDevice+Extension.swift */,
				A2A409C3284CC17D00FD47EC /* UIView+Extension.swift */,
				A215F09428508EBD005D8648 /* UIViewController+Extension.swift */,
				A2E00449285AB24D00B13AF4 /* String+Extension.swift */,
				A2EF9459285D6D960025BBA8 /* Date+Extension.swift */,
			);
			path = Extension;
			sourceTree = "<group>";
		};
		A2DFA3F6280EEBBE00AFE1BF /* Fonts */ = {
			isa = PBXGroup;
			children = (
				A2DFA3F7280EEBBE00AFE1BF /* GmarketSansLight.otf */,
				A2DFA3F8280EEBBE00AFE1BF /* GmarketSansBold.otf */,
				A2DFA3F9280EEBBE00AFE1BF /* GmarketSansMedium.otf */,
			);
			name = Fonts;
			path = Resources/Fonts;
			sourceTree = SOURCE_ROOT;
		};
		A2DFA3FD280EEBF100AFE1BF /* Fonts */ = {
			isa = PBXGroup;
			children = (
				A2DFA3FE280EEBF100AFE1BF /* GmarketSansLight.otf */,
				A2DFA3FF280EEBF100AFE1BF /* GmarketSansBold.otf */,
				A2DFA400280EEBF100AFE1BF /* GmarketSansMedium.otf */,
			);
			name = Fonts;
			path = Resources/Fonts;
			sourceTree = SOURCE_ROOT;
		};
/* End PBXGroup section */

/* Begin PBXNativeTarget section */
		A224D4AB280D1D720040E945 /* KkongNyangApp */ = {
			isa = PBXNativeTarget;
			buildConfigurationList = A224D4C0280D1D730040E945 /* Build configuration list for PBXNativeTarget "KkongNyangApp" */;
			buildPhases = (
				8533E5F74D6A4E16201C2D74 /* [CP] Check Pods Manifest.lock */,
				A224D4A8280D1D720040E945 /* Sources */,
				A224D4A9280D1D720040E945 /* Frameworks */,
				A224D4AA280D1D720040E945 /* Resources */,
				43EBB30557138D9CF6BD48DE /* [CP] Embed Pods Frameworks */,
			);
			buildRules = (
			);
			dependencies = (
			);
			name = KkongNyangApp;
			packageProductDependencies = (
				A24BB16D2855F3E10065BCBE /* FirebaseAnalytics */,
				A24BB16F2855F3E10065BCBE /* FirebaseAuth */,
				A24BB1712855F3E10065BCBE /* FirebaseDatabase */,
				A24BB1732855F3E10065BCBE /* FirebaseFirestore */,
			);
			productName = KkongNyangApp;
			productReference = A224D4AC280D1D720040E945 /* KkongNyangApp.app */;
			productType = "com.apple.product-type.application";
		};
/* End PBXNativeTarget section */

/* Begin PBXProject section */
		A224D4A4280D1D710040E945 /* Project object */ = {
			isa = PBXProject;
			attributes = {
				BuildIndependentTargetsInParallel = 1;
				LastSwiftUpdateCheck = 1310;
				LastUpgradeCheck = 1310;
				TargetAttributes = {
					A224D4AB280D1D720040E945 = {
						CreatedOnToolsVersion = 13.1;
					};
				};
			};
			buildConfigurationList = A224D4A7280D1D720040E945 /* Build configuration list for PBXProject "KkongNyangApp" */;
			compatibilityVersion = "Xcode 13.0";
			developmentRegion = en;
			hasScannedForEncodings = 0;
			knownRegions = (
				en,
				Base,
			);
			mainGroup = A224D4A3280D1D710040E945;
			packageReferences = (
				A24BB16C2855F3E10065BCBE /* XCRemoteSwiftPackageReference "firebase-ios-sdk" */,
			);
			productRefGroup = A224D4AD280D1D720040E945 /* Products */;
			projectDirPath = "";
			projectRoot = "";
			targets = (
				A224D4AB280D1D720040E945 /* KkongNyangApp */,
			);
		};
/* End PBXProject section */

/* Begin PBXResourcesBuildPhase section */
		A224D4AA280D1D720040E945 /* Resources */ = {
			isa = PBXResourcesBuildPhase;
			buildActionMask = 2147483647;
			files = (
				A24BB1682855DB8A0065BCBE /* GoogleService-Info.plist in Resources */,
				A2DFA401280EEBF100AFE1BF /* GmarketSansLight.otf in Resources */,
				A2DFA3FC280EEBBE00AFE1BF /* GmarketSansMedium.otf in Resources */,
				A2DD30B6286B073F00D4524C /* onboarding-3-gif.gif in Resources */,
				A224D4BC280D1D730040E945 /* LaunchScreen.storyboard in Resources */,
				A2DFA402280EEBF100AFE1BF /* GmarketSansBold.otf in Resources */,
				A224D4B9280D1D730040E945 /* Assets.xcassets in Resources */,
				A2684087286B02B500F29F58 /* onboarding-2-gif.gif in Resources */,
				A224D4B7280D1D720040E945 /* Main.storyboard in Resources */,
				A2DFA3FA280EEBBE00AFE1BF /* GmarketSansLight.otf in Resources */,
				A206BB332812BABA00F2768A /* SignupAndLogin.storyboard in Resources */,
				A2320424283A619700706DB4 /* Pods-KkongNyangApp-acknowledgements.plist in Resources */,
				A2DFA3FB280EEBBE00AFE1BF /* GmarketSansBold.otf in Resources */,
				A2684086286B02B500F29F58 /* onboarding-1-gif.gif in Resources */,
				A255B0432864788B00E7864A /* splash-gif.gif in Resources */,
				A2DFA403280EEBF100AFE1BF /* GmarketSansMedium.otf in Resources */,
				A247D393280E721E00A3DF31 /* Onboarding.storyboard in Resources */,
			);
			runOnlyForDeploymentPostprocessing = 0;
		};
/* End PBXResourcesBuildPhase section */

/* Begin PBXShellScriptBuildPhase section */
		43EBB30557138D9CF6BD48DE /* [CP] Embed Pods Frameworks */ = {
			isa = PBXShellScriptBuildPhase;
			buildActionMask = 2147483647;
			files = (
			);
			inputFileListPaths = (
				"${PODS_ROOT}/Target Support Files/Pods-KkongNyangApp/Pods-KkongNyangApp-frameworks-${CONFIGURATION}-input-files.xcfilelist",
			);
			name = "[CP] Embed Pods Frameworks";
			outputFileListPaths = (
				"${PODS_ROOT}/Target Support Files/Pods-KkongNyangApp/Pods-KkongNyangApp-frameworks-${CONFIGURATION}-output-files.xcfilelist",
			);
			runOnlyForDeploymentPostprocessing = 0;
			shellPath = /bin/sh;
			shellScript = "\"${PODS_ROOT}/Target Support Files/Pods-KkongNyangApp/Pods-KkongNyangApp-frameworks.sh\"\n";
			showEnvVarsInLog = 0;
		};
		8533E5F74D6A4E16201C2D74 /* [CP] Check Pods Manifest.lock */ = {
			isa = PBXShellScriptBuildPhase;
			buildActionMask = 2147483647;
			files = (
			);
			inputFileListPaths = (
			);
			inputPaths = (
				"${PODS_PODFILE_DIR_PATH}/Podfile.lock",
				"${PODS_ROOT}/Manifest.lock",
			);
			name = "[CP] Check Pods Manifest.lock";
			outputFileListPaths = (
			);
			outputPaths = (
				"$(DERIVED_FILE_DIR)/Pods-KkongNyangApp-checkManifestLockResult.txt",
			);
			runOnlyForDeploymentPostprocessing = 0;
			shellPath = /bin/sh;
			shellScript = "diff \"${PODS_PODFILE_DIR_PATH}/Podfile.lock\" \"${PODS_ROOT}/Manifest.lock\" > /dev/null\nif [ $? != 0 ] ; then\n    # print error to STDERR\n    echo \"error: The sandbox is not in sync with the Podfile.lock. Run 'pod install' or update your CocoaPods installation.\" >&2\n    exit 1\nfi\n# This output is used by Xcode 'outputs' to avoid re-running this script phase.\necho \"SUCCESS\" > \"${SCRIPT_OUTPUT_FILE_0}\"\n";
			showEnvVarsInLog = 0;
		};
/* End PBXShellScriptBuildPhase section */

/* Begin PBXSourcesBuildPhase section */
		A224D4A8280D1D720040E945 /* Sources */ = {
			isa = PBXSourcesBuildPhase;
			buildActionMask = 2147483647;
			files = (
				A2A409C8284CCE3800FD47EC /* FinishedTodoCollectionViewCell.swift in Sources */,
				A2EF945A285D6D960025BBA8 /* Date+Extension.swift in Sources */,
				A2DFA38A280E795100AFE1BF /* OnboardingFirstPageViewController.swift in Sources */,
				A2FDE17328433384002163BB /* Palate.swift in Sources */,
				A22448CB28490E35008C9E72 /* Todo.swift in Sources */,
				A2A409B9284C6AF400FD47EC /* AddPalateViewController.swift in Sources */,
				A2DFA38C280E7A2800AFE1BF /* OnboardingSecondPageViewController.swift in Sources */,
				A224D4B0280D1D720040E945 /* AppDelegate.swift in Sources */,
				A215F09528508EBD005D8648 /* UIViewController+Extension.swift in Sources */,
				A2A409D0284CE08E00FD47EC /* BaseTabBarController.swift in Sources */,
				A2A409CA284CD5E100FD47EC /* AlertViewController.swift in Sources */,
				A2DFA38E280E7A3500AFE1BF /* OnboardingThirdPageViewController.swift in Sources */,
				A2DFA396280E8E6000AFE1BF /* UIStoryboard+Extension.swift in Sources */,
				A2A409C6284CCAC600FD47EC /* FinishedTodo.swift in Sources */,
				A2DFA387280E779800AFE1BF /* OnboardingPageViewController.swift in Sources */,
				A2EF9456285CEDE10025BBA8 /* PopupViewController.swift in Sources */,
				A24BB17728560CB40065BCBE /* Notice.swift in Sources */,
				A2370C252840B8CE00D64871 /* UIDevice+Extension.swift in Sources */,
				A2BE71C0281B79AC00FB8548 /* TodoViewController.swift in Sources */,
				A2B2BC102827AADE00659836 /* EmailLoginViewController.swift in Sources */,
				A224D4B2280D1D720040E945 /* SceneDelegate.swift in Sources */,
				A2E0044A285AB24D00B13AF4 /* String+Extension.swift in Sources */,
				A2DD30B8286B40D800D4524C /* NoticeDetailViewController.swift in Sources */,
				A2320428283A65F700706DB4 /* AppInfoViewController.swift in Sources */,
				A2BE71B8281B6D8100FB8548 /* PalateViewController.swift in Sources */,
				A2B2BC0A2827568D00659836 /* CatFamilies.swift in Sources */,
				A2BE71B6281B63BE00FB8548 /* HomeViewController.swift in Sources */,
				A2A409C4284CC17D00FD47EC /* UIView+Extension.swift in Sources */,
				A2320426283A643A00706DB4 /* MyPageViewController.swift in Sources */,
				A2ADBEDD2863610E007D989E /* OnboardingCarouselCollectionViewCell.swift in Sources */,
				A232042A283A662200706DB4 /* AlertSettingViewController.swift in Sources */,
				A2E0044C285B346800B13AF4 /* PopOverContentController.swift in Sources */,
				A22448C928490395008C9E72 /* TodoListCollectionViewCell.swift in Sources */,
				A2B2BC0C28279F1E00659836 /* RegisterViewController.swift in Sources */,
				A224D4C4280D2D750040E945 /* UIColor+Extension.swift in Sources */,
				A2B2BC0E2827A8DC00659836 /* LoginViewController.swift in Sources */,
				A2A409B6284C6AC900FD47EC /* AddTodoViewController.swift in Sources */,
				A2DFA392280E7DC400AFE1BF /* LandscapeManager.swift in Sources */,
				A2B2BC082827560500659836 /* Users.swift in Sources */,
				A2E818162830F61A00B64664 /* CatProfileSettingViewController.swift in Sources */,
				A2E0044E285B829700B13AF4 /* ButlerInvitationViewController.swift in Sources */,
				A2EF9458285D6B0E0025BBA8 /* Alert.swift in Sources */,
				A2A409BC284C904700FD47EC /* PalateCollectionViewCell.swift in Sources */,
				A2A409C0284CA6CA00FD47EC /* CardCollectionViewCell.swift in Sources */,
				A2DFA394280E8D9700AFE1BF /* ConciergeViewController.swift in Sources */,
				A2A409CE284CD65800FD47EC /* AlertCollectionViewCell.swift in Sources */,
			);
			runOnlyForDeploymentPostprocessing = 0;
		};
/* End PBXSourcesBuildPhase section */

/* Begin PBXVariantGroup section */
		A224D4B5280D1D720040E945 /* Main.storyboard */ = {
			isa = PBXVariantGroup;
			children = (
				A224D4B6280D1D720040E945 /* Base */,
			);
			name = Main.storyboard;
			sourceTree = "<group>";
		};
		A224D4BA280D1D730040E945 /* LaunchScreen.storyboard */ = {
			isa = PBXVariantGroup;
			children = (
				A224D4BB280D1D730040E945 /* Base */,
			);
			name = LaunchScreen.storyboard;
			sourceTree = "<group>";
		};
/* End PBXVariantGroup section */

/* Begin XCBuildConfiguration section */
		A224D4BE280D1D730040E945 /* Debug */ = {
			isa = XCBuildConfiguration;
			buildSettings = {
				ALWAYS_SEARCH_USER_PATHS = NO;
				CLANG_ANALYZER_NONNULL = YES;
				CLANG_ANALYZER_NUMBER_OBJECT_CONVERSION = YES_AGGRESSIVE;
				CLANG_CXX_LANGUAGE_STANDARD = "gnu++17";
				CLANG_CXX_LIBRARY = "libc++";
				CLANG_ENABLE_MODULES = YES;
				CLANG_ENABLE_OBJC_ARC = YES;
				CLANG_ENABLE_OBJC_WEAK = YES;
				CLANG_WARN_BLOCK_CAPTURE_AUTORELEASING = YES;
				CLANG_WARN_BOOL_CONVERSION = YES;
				CLANG_WARN_COMMA = YES;
				CLANG_WARN_CONSTANT_CONVERSION = YES;
				CLANG_WARN_DEPRECATED_OBJC_IMPLEMENTATIONS = YES;
				CLANG_WARN_DIRECT_OBJC_ISA_USAGE = YES_ERROR;
				CLANG_WARN_DOCUMENTATION_COMMENTS = YES;
				CLANG_WARN_EMPTY_BODY = YES;
				CLANG_WARN_ENUM_CONVERSION = YES;
				CLANG_WARN_INFINITE_RECURSION = YES;
				CLANG_WARN_INT_CONVERSION = YES;
				CLANG_WARN_NON_LITERAL_NULL_CONVERSION = YES;
				CLANG_WARN_OBJC_IMPLICIT_RETAIN_SELF = YES;
				CLANG_WARN_OBJC_LITERAL_CONVERSION = YES;
				CLANG_WARN_OBJC_ROOT_CLASS = YES_ERROR;
				CLANG_WARN_QUOTED_INCLUDE_IN_FRAMEWORK_HEADER = YES;
				CLANG_WARN_RANGE_LOOP_ANALYSIS = YES;
				CLANG_WARN_STRICT_PROTOTYPES = YES;
				CLANG_WARN_SUSPICIOUS_MOVE = YES;
				CLANG_WARN_UNGUARDED_AVAILABILITY = YES_AGGRESSIVE;
				CLANG_WARN_UNREACHABLE_CODE = YES;
				CLANG_WARN__DUPLICATE_METHOD_MATCH = YES;
				COPY_PHASE_STRIP = NO;
				DEBUG_INFORMATION_FORMAT = dwarf;
				ENABLE_STRICT_OBJC_MSGSEND = YES;
				ENABLE_TESTABILITY = YES;
				GCC_C_LANGUAGE_STANDARD = gnu11;
				GCC_DYNAMIC_NO_PIC = NO;
				GCC_NO_COMMON_BLOCKS = YES;
				GCC_OPTIMIZATION_LEVEL = 0;
				GCC_PREPROCESSOR_DEFINITIONS = (
					"DEBUG=1",
					"$(inherited)",
				);
				GCC_WARN_64_TO_32_BIT_CONVERSION = YES;
				GCC_WARN_ABOUT_RETURN_TYPE = YES_ERROR;
				GCC_WARN_UNDECLARED_SELECTOR = YES;
				GCC_WARN_UNINITIALIZED_AUTOS = YES_AGGRESSIVE;
				GCC_WARN_UNUSED_FUNCTION = YES;
				GCC_WARN_UNUSED_VARIABLE = YES;
				IPHONEOS_DEPLOYMENT_TARGET = 15.0;
				MTL_ENABLE_DEBUG_INFO = INCLUDE_SOURCE;
				MTL_FAST_MATH = YES;
				ONLY_ACTIVE_ARCH = YES;
				SDKROOT = iphoneos;
				SWIFT_ACTIVE_COMPILATION_CONDITIONS = DEBUG;
				SWIFT_OPTIMIZATION_LEVEL = "-Onone";
			};
			name = Debug;
		};
		A224D4BF280D1D730040E945 /* Release */ = {
			isa = XCBuildConfiguration;
			buildSettings = {
				ALWAYS_SEARCH_USER_PATHS = NO;
				CLANG_ANALYZER_NONNULL = YES;
				CLANG_ANALYZER_NUMBER_OBJECT_CONVERSION = YES_AGGRESSIVE;
				CLANG_CXX_LANGUAGE_STANDARD = "gnu++17";
				CLANG_CXX_LIBRARY = "libc++";
				CLANG_ENABLE_MODULES = YES;
				CLANG_ENABLE_OBJC_ARC = YES;
				CLANG_ENABLE_OBJC_WEAK = YES;
				CLANG_WARN_BLOCK_CAPTURE_AUTORELEASING = YES;
				CLANG_WARN_BOOL_CONVERSION = YES;
				CLANG_WARN_COMMA = YES;
				CLANG_WARN_CONSTANT_CONVERSION = YES;
				CLANG_WARN_DEPRECATED_OBJC_IMPLEMENTATIONS = YES;
				CLANG_WARN_DIRECT_OBJC_ISA_USAGE = YES_ERROR;
				CLANG_WARN_DOCUMENTATION_COMMENTS = YES;
				CLANG_WARN_EMPTY_BODY = YES;
				CLANG_WARN_ENUM_CONVERSION = YES;
				CLANG_WARN_INFINITE_RECURSION = YES;
				CLANG_WARN_INT_CONVERSION = YES;
				CLANG_WARN_NON_LITERAL_NULL_CONVERSION = YES;
				CLANG_WARN_OBJC_IMPLICIT_RETAIN_SELF = YES;
				CLANG_WARN_OBJC_LITERAL_CONVERSION = YES;
				CLANG_WARN_OBJC_ROOT_CLASS = YES_ERROR;
				CLANG_WARN_QUOTED_INCLUDE_IN_FRAMEWORK_HEADER = YES;
				CLANG_WARN_RANGE_LOOP_ANALYSIS = YES;
				CLANG_WARN_STRICT_PROTOTYPES = YES;
				CLANG_WARN_SUSPICIOUS_MOVE = YES;
				CLANG_WARN_UNGUARDED_AVAILABILITY = YES_AGGRESSIVE;
				CLANG_WARN_UNREACHABLE_CODE = YES;
				CLANG_WARN__DUPLICATE_METHOD_MATCH = YES;
				COPY_PHASE_STRIP = NO;
				DEBUG_INFORMATION_FORMAT = "dwarf-with-dsym";
				ENABLE_NS_ASSERTIONS = NO;
				ENABLE_STRICT_OBJC_MSGSEND = YES;
				GCC_C_LANGUAGE_STANDARD = gnu11;
				GCC_NO_COMMON_BLOCKS = YES;
				GCC_WARN_64_TO_32_BIT_CONVERSION = YES;
				GCC_WARN_ABOUT_RETURN_TYPE = YES_ERROR;
				GCC_WARN_UNDECLARED_SELECTOR = YES;
				GCC_WARN_UNINITIALIZED_AUTOS = YES_AGGRESSIVE;
				GCC_WARN_UNUSED_FUNCTION = YES;
				GCC_WARN_UNUSED_VARIABLE = YES;
				IPHONEOS_DEPLOYMENT_TARGET = 15.0;
				MTL_ENABLE_DEBUG_INFO = NO;
				MTL_FAST_MATH = YES;
				SDKROOT = iphoneos;
				SWIFT_COMPILATION_MODE = wholemodule;
				SWIFT_OPTIMIZATION_LEVEL = "-O";
				VALIDATE_PRODUCT = YES;
			};
			name = Release;
		};
		A224D4C1280D1D730040E945 /* Debug */ = {
			isa = XCBuildConfiguration;
			baseConfigurationReference = 6AAAD11D319B92D9083FBCBC /* Pods-KkongNyangApp.debug.xcconfig */;
			buildSettings = {
				ASSETCATALOG_COMPILER_APPICON_NAME = AppIcon;
				ASSETCATALOG_COMPILER_GLOBAL_ACCENT_COLOR_NAME = AccentColor;
				CODE_SIGN_STYLE = Automatic;
				CURRENT_PROJECT_VERSION = 1;
				DEVELOPMENT_TEAM = F7B353LPM3;
				GENERATE_INFOPLIST_FILE = YES;
				INFOPLIST_FILE = KkongNyangApp/Info.plist;
				INFOPLIST_KEY_CFBundleDisplayName = "꽁냥";
				INFOPLIST_KEY_NSCameraUsageDescription = test;
				INFOPLIST_KEY_NSPhotoLibraryUsageDescription = test;
				INFOPLIST_KEY_UIApplicationSupportsIndirectInputEvents = YES;
				INFOPLIST_KEY_UILaunchStoryboardName = LaunchScreen;
				INFOPLIST_KEY_UIMainStoryboardFile = Main;
				INFOPLIST_KEY_UISupportedInterfaceOrientations = UIInterfaceOrientationPortrait;
				INFOPLIST_KEY_UISupportedInterfaceOrientations_iPad = "UIInterfaceOrientationPortrait UIInterfaceOrientationPortraitUpsideDown UIInterfaceOrientationLandscapeLeft UIInterfaceOrientationLandscapeRight";
				INFOPLIST_KEY_UISupportedInterfaceOrientations_iPhone = "UIInterfaceOrientationPortrait UIInterfaceOrientationLandscapeLeft UIInterfaceOrientationLandscapeRight";
				LD_RUNPATH_SEARCH_PATHS = (
					"$(inherited)",
					"@executable_path/Frameworks",
				);
				MARKETING_VERSION = 1.0;
				PRODUCT_BUNDLE_IDENTIFIER = com.kimdee.KkongNyangApp;
				PRODUCT_NAME = "$(TARGET_NAME)";
				SWIFT_EMIT_LOC_STRINGS = YES;
				SWIFT_VERSION = 5.0;
				TARGETED_DEVICE_FAMILY = 1;
			};
			name = Debug;
		};
		A224D4C2280D1D730040E945 /* Release */ = {
			isa = XCBuildConfiguration;
			baseConfigurationReference = 6E6C39B42C5BB79F280B92E7 /* Pods-KkongNyangApp.release.xcconfig */;
			buildSettings = {
				ASSETCATALOG_COMPILER_APPICON_NAME = AppIcon;
				ASSETCATALOG_COMPILER_GLOBAL_ACCENT_COLOR_NAME = AccentColor;
				CODE_SIGN_STYLE = Automatic;
				CURRENT_PROJECT_VERSION = 1;
				DEVELOPMENT_TEAM = F7B353LPM3;
				GENERATE_INFOPLIST_FILE = YES;
				INFOPLIST_FILE = KkongNyangApp/Info.plist;
				INFOPLIST_KEY_CFBundleDisplayName = "꽁냥";
				INFOPLIST_KEY_NSCameraUsageDescription = test;
				INFOPLIST_KEY_NSPhotoLibraryUsageDescription = test;
				INFOPLIST_KEY_UIApplicationSupportsIndirectInputEvents = YES;
				INFOPLIST_KEY_UILaunchStoryboardName = LaunchScreen;
				INFOPLIST_KEY_UIMainStoryboardFile = Main;
				INFOPLIST_KEY_UISupportedInterfaceOrientations = UIInterfaceOrientationPortrait;
				INFOPLIST_KEY_UISupportedInterfaceOrientations_iPad = "UIInterfaceOrientationPortrait UIInterfaceOrientationPortraitUpsideDown UIInterfaceOrientationLandscapeLeft UIInterfaceOrientationLandscapeRight";
				INFOPLIST_KEY_UISupportedInterfaceOrientations_iPhone = "UIInterfaceOrientationPortrait UIInterfaceOrientationLandscapeLeft UIInterfaceOrientationLandscapeRight";
				LD_RUNPATH_SEARCH_PATHS = (
					"$(inherited)",
					"@executable_path/Frameworks",
				);
				MARKETING_VERSION = 1.0;
				PRODUCT_BUNDLE_IDENTIFIER = com.kimdee.KkongNyangApp;
				PRODUCT_NAME = "$(TARGET_NAME)";
				SWIFT_EMIT_LOC_STRINGS = YES;
				SWIFT_VERSION = 5.0;
				TARGETED_DEVICE_FAMILY = 1;
			};
			name = Release;
		};
/* End XCBuildConfiguration section */

/* Begin XCConfigurationList section */
		A224D4A7280D1D720040E945 /* Build configuration list for PBXProject "KkongNyangApp" */ = {
			isa = XCConfigurationList;
			buildConfigurations = (
				A224D4BE280D1D730040E945 /* Debug */,
				A224D4BF280D1D730040E945 /* Release */,
			);
			defaultConfigurationIsVisible = 0;
			defaultConfigurationName = Release;
		};
		A224D4C0280D1D730040E945 /* Build configuration list for PBXNativeTarget "KkongNyangApp" */ = {
			isa = XCConfigurationList;
			buildConfigurations = (
				A224D4C1280D1D730040E945 /* Debug */,
				A224D4C2280D1D730040E945 /* Release */,
			);
			defaultConfigurationIsVisible = 0;
			defaultConfigurationName = Release;
		};
/* End XCConfigurationList section */

/* Begin XCRemoteSwiftPackageReference section */
		A24BB16C2855F3E10065BCBE /* XCRemoteSwiftPackageReference "firebase-ios-sdk" */ = {
			isa = XCRemoteSwiftPackageReference;
			repositoryURL = "https://github.com/firebase/firebase-ios-sdk";
			requirement = {
				branch = master;
				kind = branch;
			};
		};
/* End XCRemoteSwiftPackageReference section */

/* Begin XCSwiftPackageProductDependency section */
		A24BB16D2855F3E10065BCBE /* FirebaseAnalytics */ = {
			isa = XCSwiftPackageProductDependency;
			package = A24BB16C2855F3E10065BCBE /* XCRemoteSwiftPackageReference "firebase-ios-sdk" */;
			productName = FirebaseAnalytics;
		};
		A24BB16F2855F3E10065BCBE /* FirebaseAuth */ = {
			isa = XCSwiftPackageProductDependency;
			package = A24BB16C2855F3E10065BCBE /* XCRemoteSwiftPackageReference "firebase-ios-sdk" */;
			productName = FirebaseAuth;
		};
		A24BB1712855F3E10065BCBE /* FirebaseDatabase */ = {
			isa = XCSwiftPackageProductDependency;
			package = A24BB16C2855F3E10065BCBE /* XCRemoteSwiftPackageReference "firebase-ios-sdk" */;
			productName = FirebaseDatabase;
		};
		A24BB1732855F3E10065BCBE /* FirebaseFirestore */ = {
			isa = XCSwiftPackageProductDependency;
			package = A24BB16C2855F3E10065BCBE /* XCRemoteSwiftPackageReference "firebase-ios-sdk" */;
			productName = FirebaseFirestore;
		};
/* End XCSwiftPackageProductDependency section */
	};
	rootObject = A224D4A4280D1D710040E945 /* Project object */;
}
